// !$*UTF8*$!
{
	archiveVersion = 1;
	classes = {
	};
	objectVersion = 56;
	objects = {

/* Begin PBXBuildFile section */
		AF16FD762A31BD6300D2E254 /* AddNovelView.swift in Sources */ = {isa = PBXBuildFile; fileRef = AF16FD752A31BD6300D2E254 /* AddNovelView.swift */; };
		AF16FD782A31D63F00D2E254 /* AddNovelViewModel.swift in Sources */ = {isa = PBXBuildFile; fileRef = AF16FD772A31D63F00D2E254 /* AddNovelViewModel.swift */; };
		AF16FD7E2A32319F00D2E254 /* MultipleSelectionRowView.swift in Sources */ = {isa = PBXBuildFile; fileRef = AF16FD7D2A32319F00D2E254 /* MultipleSelectionRowView.swift */; };
		AF5F48FF2A2A0152008C6288 /* UserAppApp.swift in Sources */ = {isa = PBXBuildFile; fileRef = AF5F48FE2A2A0152008C6288 /* UserAppApp.swift */; };
		AF5F49012A2A0152008C6288 /* ContentView.swift in Sources */ = {isa = PBXBuildFile; fileRef = AF5F49002A2A0152008C6288 /* ContentView.swift */; };
		AF5F49032A2A0153008C6288 /* Assets.xcassets in Resources */ = {isa = PBXBuildFile; fileRef = AF5F49022A2A0153008C6288 /* Assets.xcassets */; };
		AF5F49062A2A0153008C6288 /* Preview Assets.xcassets in Resources */ = {isa = PBXBuildFile; fileRef = AF5F49052A2A0153008C6288 /* Preview Assets.xcassets */; };
		AF5F49142A2EF043008C6288 /* UserModel.swift in Sources */ = {isa = PBXBuildFile; fileRef = AF5F49132A2EF043008C6288 /* UserModel.swift */; };
		AF5F49172A2EF1BD008C6288 /* ViewModel.swift in Sources */ = {isa = PBXBuildFile; fileRef = AF5F49162A2EF1BD008C6288 /* ViewModel.swift */; };
		AF64F29C2A2F32D100A081C1 /* Extension.swift in Sources */ = {isa = PBXBuildFile; fileRef = AF64F29B2A2F32D100A081C1 /* Extension.swift */; };
		AF64F29F2A2FA3EB00A081C1 /* ListNovelView.swift in Sources */ = {isa = PBXBuildFile; fileRef = AF64F29E2A2FA3EB00A081C1 /* ListNovelView.swift */; };
		AF64F2A12A30AB2E00A081C1 /* NovelModel.swift in Sources */ = {isa = PBXBuildFile; fileRef = AF64F2A02A30AB2E00A081C1 /* NovelModel.swift */; };
		AF64F2A32A30B15100A081C1 /* NovelViewModel.swift in Sources */ = {isa = PBXBuildFile; fileRef = AF64F2A22A30B15100A081C1 /* NovelViewModel.swift */; };
/* End PBXBuildFile section */

/* Begin PBXFileReference section */
		AF16FD752A31BD6300D2E254 /* AddNovelView.swift */ = {isa = PBXFileReference; lastKnownFileType = sourcecode.swift; path = AddNovelView.swift; sourceTree = "<group>"; };
		AF16FD772A31D63F00D2E254 /* AddNovelViewModel.swift */ = {isa = PBXFileReference; lastKnownFileType = sourcecode.swift; path = AddNovelViewModel.swift; sourceTree = "<group>"; };
		AF16FD7D2A32319F00D2E254 /* MultipleSelectionRowView.swift */ = {isa = PBXFileReference; lastKnownFileType = sourcecode.swift; path = MultipleSelectionRowView.swift; sourceTree = "<group>"; };
		AF5F48FB2A2A0152008C6288 /* UserApp.app */ = {isa = PBXFileReference; explicitFileType = wrapper.application; includeInIndex = 0; path = UserApp.app; sourceTree = BUILT_PRODUCTS_DIR; };
		AF5F48FE2A2A0152008C6288 /* UserAppApp.swift */ = {isa = PBXFileReference; lastKnownFileType = sourcecode.swift; path = UserAppApp.swift; sourceTree = "<group>"; };
		AF5F49002A2A0152008C6288 /* ContentView.swift */ = {isa = PBXFileReference; lastKnownFileType = sourcecode.swift; path = ContentView.swift; sourceTree = "<group>"; };
		AF5F49022A2A0153008C6288 /* Assets.xcassets */ = {isa = PBXFileReference; lastKnownFileType = folder.assetcatalog; path = Assets.xcassets; sourceTree = "<group>"; };
		AF5F49052A2A0153008C6288 /* Preview Assets.xcassets */ = {isa = PBXFileReference; lastKnownFileType = folder.assetcatalog; path = "Preview Assets.xcassets"; sourceTree = "<group>"; };
		AF5F49132A2EF043008C6288 /* UserModel.swift */ = {isa = PBXFileReference; lastKnownFileType = sourcecode.swift; path = UserModel.swift; sourceTree = "<group>"; };
		AF5F49162A2EF1BD008C6288 /* ViewModel.swift */ = {isa = PBXFileReference; lastKnownFileType = sourcecode.swift; path = ViewModel.swift; sourceTree = "<group>"; };
		AF64F29B2A2F32D100A081C1 /* Extension.swift */ = {isa = PBXFileReference; lastKnownFileType = sourcecode.swift; path = Extension.swift; sourceTree = "<group>"; };
		AF64F29E2A2FA3EB00A081C1 /* ListNovelView.swift */ = {isa = PBXFileReference; lastKnownFileType = sourcecode.swift; path = ListNovelView.swift; sourceTree = "<group>"; };
		AF64F2A02A30AB2E00A081C1 /* NovelModel.swift */ = {isa = PBXFileReference; lastKnownFileType = sourcecode.swift; path = NovelModel.swift; sourceTree = "<group>"; };
		AF64F2A22A30B15100A081C1 /* NovelViewModel.swift */ = {isa = PBXFileReference; lastKnownFileType = sourcecode.swift; path = NovelViewModel.swift; sourceTree = "<group>"; };
/* End PBXFileReference section */

/* Begin PBXFrameworksBuildPhase section */
		AF5F48F82A2A0152008C6288 /* Frameworks */ = {
			isa = PBXFrameworksBuildPhase;
			buildActionMask = 2147483647;
			files = (
			);
			runOnlyForDeploymentPostprocessing = 0;
		};
/* End PBXFrameworksBuildPhase section */

/* Begin PBXGroup section */
		AF5F48F22A2A0152008C6288 = {
			isa = PBXGroup;
			children = (
				AF5F48FD2A2A0152008C6288 /* UserApp */,
				AF5F48FC2A2A0152008C6288 /* Products */,
			);
			sourceTree = "<group>";
		};
		AF5F48FC2A2A0152008C6288 /* Products */ = {
			isa = PBXGroup;
			children = (
				AF5F48FB2A2A0152008C6288 /* UserApp.app */,
			);
			name = Products;
			sourceTree = "<group>";
		};
		AF5F48FD2A2A0152008C6288 /* UserApp */ = {
			isa = PBXGroup;
			children = (
				AF64F29D2A2FA3B100A081C1 /* View */,
				AF64F29A2A2F32C100A081C1 /* Helper */,
				AF5F49152A2EF19C008C6288 /* ViewModel */,
				AF5F49122A2EF02D008C6288 /* Model */,
				AF5F48FE2A2A0152008C6288 /* UserAppApp.swift */,
				AF5F49022A2A0153008C6288 /* Assets.xcassets */,
				AF5F49042A2A0153008C6288 /* Preview Content */,
			);
			path = UserApp;
			sourceTree = "<group>";
		};
		AF5F49042A2A0153008C6288 /* Preview Content */ = {
			isa = PBXGroup;
			children = (
				AF5F49052A2A0153008C6288 /* Preview Assets.xcassets */,
			);
			path = "Preview Content";
			sourceTree = "<group>";
		};
		AF5F49122A2EF02D008C6288 /* Model */ = {
			isa = PBXGroup;
			children = (
				AF5F49132A2EF043008C6288 /* UserModel.swift */,
				AF64F2A02A30AB2E00A081C1 /* NovelModel.swift */,
			);
			path = Model;
			sourceTree = "<group>";
		};
		AF5F49152A2EF19C008C6288 /* ViewModel */ = {
			isa = PBXGroup;
			children = (
				AF5F49162A2EF1BD008C6288 /* ViewModel.swift */,
				AF64F2A22A30B15100A081C1 /* NovelViewModel.swift */,
				AF16FD772A31D63F00D2E254 /* AddNovelViewModel.swift */,
			);
			path = ViewModel;
			sourceTree = "<group>";
		};
		AF64F29A2A2F32C100A081C1 /* Helper */ = {
			isa = PBXGroup;
			children = (
				AF64F29B2A2F32D100A081C1 /* Extension.swift */,
			);
			path = Helper;
			sourceTree = "<group>";
		};
		AF64F29D2A2FA3B100A081C1 /* View */ = {
			isa = PBXGroup;
			children = (
				AF5F49002A2A0152008C6288 /* ContentView.swift */,
				AF64F29E2A2FA3EB00A081C1 /* ListNovelView.swift */,
				AF16FD752A31BD6300D2E254 /* AddNovelView.swift */,
				AF16FD7D2A32319F00D2E254 /* MultipleSelectionRowView.swift */,
			);
			path = View;
			sourceTree = "<group>";
		};
/* End PBXGroup section */

/* Begin PBXNativeTarget section */
		AF5F48FA2A2A0152008C6288 /* UserApp */ = {
			isa = PBXNativeTarget;
			buildConfigurationList = AF5F49092A2A0153008C6288 /* Build configuration list for PBXNativeTarget "UserApp" */;
			buildPhases = (
				AF5F48F72A2A0152008C6288 /* Sources */,
				AF5F48F82A2A0152008C6288 /* Frameworks */,
				AF5F48F92A2A0152008C6288 /* Resources */,
			);
			buildRules = (
			);
			dependencies = (
			);
			name = UserApp;
			productName = UserApp;
			productReference = AF5F48FB2A2A0152008C6288 /* UserApp.app */;
			productType = "com.apple.product-type.application";
		};
/* End PBXNativeTarget section */

/* Begin PBXProject section */
		AF5F48F32A2A0152008C6288 /* Project object */ = {
			isa = PBXProject;
			attributes = {
				BuildIndependentTargetsInParallel = 1;
				LastSwiftUpdateCheck = 1430;
				LastUpgradeCheck = 1430;
				TargetAttributes = {
					AF5F48FA2A2A0152008C6288 = {
						CreatedOnToolsVersion = 14.3;
					};
				};
			};
			buildConfigurationList = AF5F48F62A2A0152008C6288 /* Build configuration list for PBXProject "UserApp" */;
			compatibilityVersion = "Xcode 14.0";
			developmentRegion = en;
			hasScannedForEncodings = 0;
			knownRegions = (
				en,
				Base,
			);
			mainGroup = AF5F48F22A2A0152008C6288;
			productRefGroup = AF5F48FC2A2A0152008C6288 /* Products */;
			projectDirPath = "";
			projectRoot = "";
			targets = (
				AF5F48FA2A2A0152008C6288 /* UserApp */,
			);
		};
/* End PBXProject section */

/* Begin PBXResourcesBuildPhase section */
		AF5F48F92A2A0152008C6288 /* Resources */ = {
			isa = PBXResourcesBuildPhase;
			buildActionMask = 2147483647;
			files = (
				AF5F49062A2A0153008C6288 /* Preview Assets.xcassets in Resources */,
				AF5F49032A2A0153008C6288 /* Assets.xcassets in Resources */,
			);
			runOnlyForDeploymentPostprocessing = 0;
		};
/* End PBXResourcesBuildPhase section */

/* Begin PBXSourcesBuildPhase section */
		AF5F48F72A2A0152008C6288 /* Sources */ = {
			isa = PBXSourcesBuildPhase;
			buildActionMask = 2147483647;
			files = (
				AF64F29C2A2F32D100A081C1 /* Extension.swift in Sources */,
				AF5F49012A2A0152008C6288 /* ContentView.swift in Sources */,
				AF16FD7E2A32319F00D2E254 /* MultipleSelectionRowView.swift in Sources */,
				AF5F49142A2EF043008C6288 /* UserModel.swift in Sources */,
				AF16FD782A31D63F00D2E254 /* AddNovelViewModel.swift in Sources */,
				AF64F2A12A30AB2E00A081C1 /* NovelModel.swift in Sources */,
				AF5F49172A2EF1BD008C6288 /* ViewModel.swift in Sources */,
				AF5F48FF2A2A0152008C6288 /* UserAppApp.swift in Sources */,
				AF64F29F2A2FA3EB00A081C1 /* ListNovelView.swift in Sources */,
				AF16FD762A31BD6300D2E254 /* AddNovelView.swift in Sources */,
				AF64F2A32A30B15100A081C1 /* NovelViewModel.swift in Sources */,
			);
			runOnlyForDeploymentPostprocessing = 0;
		};
/* End PBXSourcesBuildPhase section */

/* Begin XCBuildConfiguration section */
		AF5F49072A2A0153008C6288 /* Debug */ = {
			isa = XCBuildConfiguration;
			buildSettings = {
				ALWAYS_SEARCH_USER_PATHS = NO;
				CLANG_ANALYZER_NONNULL = YES;
				CLANG_ANALYZER_NUMBER_OBJECT_CONVERSION = YES_AGGRESSIVE;
				CLANG_CXX_LANGUAGE_STANDARD = "gnu++20";
				CLANG_ENABLE_MODULES = YES;
				CLANG_ENABLE_OBJC_ARC = YES;
				CLANG_ENABLE_OBJC_WEAK = YES;
				CLANG_WARN_BLOCK_CAPTURE_AUTORELEASING = YES;
				CLANG_WARN_BOOL_CONVERSION = YES;
				CLANG_WARN_COMMA = YES;
				CLANG_WARN_CONSTANT_CONVERSION = YES;
				CLANG_WARN_DEPRECATED_OBJC_IMPLEMENTATIONS = YES;
				CLANG_WARN_DIRECT_OBJC_ISA_USAGE = YES_ERROR;
				CLANG_WARN_DOCUMENTATION_COMMENTS = YES;
				CLANG_WARN_EMPTY_BODY = YES;
				CLANG_WARN_ENUM_CONVERSION = YES;
				CLANG_WARN_INFINITE_RECURSION = YES;
				CLANG_WARN_INT_CONVERSION = YES;
				CLANG_WARN_NON_LITERAL_NULL_CONVERSION = YES;
				CLANG_WARN_OBJC_IMPLICIT_RETAIN_SELF = YES;
				CLANG_WARN_OBJC_LITERAL_CONVERSION = YES;
				CLANG_WARN_OBJC_ROOT_CLASS = YES_ERROR;
				CLANG_WARN_QUOTED_INCLUDE_IN_FRAMEWORK_HEADER = YES;
				CLANG_WARN_RANGE_LOOP_ANALYSIS = YES;
				CLANG_WARN_STRICT_PROTOTYPES = YES;
				CLANG_WARN_SUSPICIOUS_MOVE = YES;
				CLANG_WARN_UNGUARDED_AVAILABILITY = YES_AGGRESSIVE;
				CLANG_WARN_UNREACHABLE_CODE = YES;
				CLANG_WARN__DUPLICATE_METHOD_MATCH = YES;
				COPY_PHASE_STRIP = NO;
				DEBUG_INFORMATION_FORMAT = dwarf;
				ENABLE_STRICT_OBJC_MSGSEND = YES;
				ENABLE_TESTABILITY = YES;
				GCC_C_LANGUAGE_STANDARD = gnu11;
				GCC_DYNAMIC_NO_PIC = NO;
				GCC_NO_COMMON_BLOCKS = YES;
				GCC_OPTIMIZATION_LEVEL = 0;
				GCC_PREPROCESSOR_DEFINITIONS = (
					"DEBUG=1",
					"$(inherited)",
				);
				GCC_WARN_64_TO_32_BIT_CONVERSION = YES;
				GCC_WARN_ABOUT_RETURN_TYPE = YES_ERROR;
				GCC_WARN_UNDECLARED_SELECTOR = YES;
				GCC_WARN_UNINITIALIZED_AUTOS = YES_AGGRESSIVE;
				GCC_WARN_UNUSED_FUNCTION = YES;
				GCC_WARN_UNUSED_VARIABLE = YES;
				IPHONEOS_DEPLOYMENT_TARGET = 16.4;
				MTL_ENABLE_DEBUG_INFO = INCLUDE_SOURCE;
				MTL_FAST_MATH = YES;
				ONLY_ACTIVE_ARCH = YES;
				SDKROOT = iphoneos;
				SWIFT_ACTIVE_COMPILATION_CONDITIONS = DEBUG;
				SWIFT_OPTIMIZATION_LEVEL = "-Onone";
			};
			name = Debug;
		};
		AF5F49082A2A0153008C6288 /* Release */ = {
			isa = XCBuildConfiguration;
			buildSettings = {
				ALWAYS_SEARCH_USER_PATHS = NO;
				CLANG_ANALYZER_NONNULL = YES;
				CLANG_ANALYZER_NUMBER_OBJECT_CONVERSION = YES_AGGRESSIVE;
				CLANG_CXX_LANGUAGE_STANDARD = "gnu++20";
				CLANG_ENABLE_MODULES = YES;
				CLANG_ENABLE_OBJC_ARC = YES;
				CLANG_ENABLE_OBJC_WEAK = YES;
				CLANG_WARN_BLOCK_CAPTURE_AUTORELEASING = YES;
				CLANG_WARN_BOOL_CONVERSION = YES;
				CLANG_WARN_COMMA = YES;
				CLANG_WARN_CONSTANT_CONVERSION = YES;
				CLANG_WARN_DEPRECATED_OBJC_IMPLEMENTATIONS = YES;
				CLANG_WARN_DIRECT_OBJC_ISA_USAGE = YES_ERROR;
				CLANG_WARN_DOCUMENTATION_COMMENTS = YES;
				CLANG_WARN_EMPTY_BODY = YES;
				CLANG_WARN_ENUM_CONVERSION = YES;
				CLANG_WARN_INFINITE_RECURSION = YES;
				CLANG_WARN_INT_CONVERSION = YES;
				CLANG_WARN_NON_LITERAL_NULL_CONVERSION = YES;
				CLANG_WARN_OBJC_IMPLICIT_RETAIN_SELF = YES;
				CLANG_WARN_OBJC_LITERAL_CONVERSION = YES;
				CLANG_WARN_OBJC_ROOT_CLASS = YES_ERROR;
				CLANG_WARN_QUOTED_INCLUDE_IN_FRAMEWORK_HEADER = YES;
				CLANG_WARN_RANGE_LOOP_ANALYSIS = YES;
				CLANG_WARN_STRICT_PROTOTYPES = YES;
				CLANG_WARN_SUSPICIOUS_MOVE = YES;
				CLANG_WARN_UNGUARDED_AVAILABILITY = YES_AGGRESSIVE;
				CLANG_WARN_UNREACHABLE_CODE = YES;
				CLANG_WARN__DUPLICATE_METHOD_MATCH = YES;
				COPY_PHASE_STRIP = NO;
				DEBUG_INFORMATION_FORMAT = "dwarf-with-dsym";
				ENABLE_NS_ASSERTIONS = NO;
				ENABLE_STRICT_OBJC_MSGSEND = YES;
				GCC_C_LANGUAGE_STANDARD = gnu11;
				GCC_NO_COMMON_BLOCKS = YES;
				GCC_WARN_64_TO_32_BIT_CONVERSION = YES;
				GCC_WARN_ABOUT_RETURN_TYPE = YES_ERROR;
				GCC_WARN_UNDECLARED_SELECTOR = YES;
				GCC_WARN_UNINITIALIZED_AUTOS = YES_AGGRESSIVE;
				GCC_WARN_UNUSED_FUNCTION = YES;
				GCC_WARN_UNUSED_VARIABLE = YES;
				IPHONEOS_DEPLOYMENT_TARGET = 16.4;
				MTL_ENABLE_DEBUG_INFO = NO;
				MTL_FAST_MATH = YES;
				SDKROOT = iphoneos;
				SWIFT_COMPILATION_MODE = wholemodule;
				SWIFT_OPTIMIZATION_LEVEL = "-O";
				VALIDATE_PRODUCT = YES;
			};
			name = Release;
		};
		AF5F490A2A2A0153008C6288 /* Debug */ = {
			isa = XCBuildConfiguration;
			buildSettings = {
				ASSETCATALOG_COMPILER_APPICON_NAME = AppIcon;
				ASSETCATALOG_COMPILER_GLOBAL_ACCENT_COLOR_NAME = AccentColor;
				CODE_SIGN_STYLE = Automatic;
				CURRENT_PROJECT_VERSION = 1;
				DEVELOPMENT_ASSET_PATHS = "\"UserApp/Preview Content\"";
				DEVELOPMENT_TEAM = 86C7H55255;
				ENABLE_PREVIEWS = YES;
				GENERATE_INFOPLIST_FILE = YES;
				INFOPLIST_KEY_UIApplicationSceneManifest_Generation = YES;
				INFOPLIST_KEY_UIApplicationSupportsIndirectInputEvents = YES;
				INFOPLIST_KEY_UILaunchScreen_Generation = YES;
				INFOPLIST_KEY_UISupportedInterfaceOrientations_iPad = "UIInterfaceOrientationPortrait UIInterfaceOrientationPortraitUpsideDown UIInterfaceOrientationLandscapeLeft UIInterfaceOrientationLandscapeRight";
				INFOPLIST_KEY_UISupportedInterfaceOrientations_iPhone = "UIInterfaceOrientationPortrait UIInterfaceOrientationLandscapeLeft UIInterfaceOrientationLandscapeRight";
				LD_RUNPATH_SEARCH_PATHS = (
					"$(inherited)",
					"@executable_path/Frameworks",
				);
				MARKETING_VERSION = 1.0;
				PRODUCT_BUNDLE_IDENTIFIER = com.project.UserApp;
				PRODUCT_NAME = "$(TARGET_NAME)";
				SWIFT_EMIT_LOC_STRINGS = YES;
				SWIFT_VERSION = 5.0;
				TARGETED_DEVICE_FAMILY = "1,2";
			};
			name = Debug;
		};
		AF5F490B2A2A0153008C6288 /* Release */ = {
			isa = XCBuildConfiguration;
			buildSettings = {
				ASSETCATALOG_COMPILER_APPICON_NAME = AppIcon;
				ASSETCATALOG_COMPILER_GLOBAL_ACCENT_COLOR_NAME = AccentColor;
				CODE_SIGN_STYLE = Automatic;
				CURRENT_PROJECT_VERSION = 1;
				DEVELOPMENT_ASSET_PATHS = "\"UserApp/Preview Content\"";
				DEVELOPMENT_TEAM = 86C7H55255;
				ENABLE_PREVIEWS = YES;
				GENERATE_INFOPLIST_FILE = YES;
				INFOPLIST_KEY_UIApplicationSceneManifest_Generation = YES;
				INFOPLIST_KEY_UIApplicationSupportsIndirectInputEvents = YES;
				INFOPLIST_KEY_UILaunchScreen_Generation = YES;
				INFOPLIST_KEY_UISupportedInterfaceOrientations_iPad = "UIInterfaceOrientationPortrait UIInterfaceOrientationPortraitUpsideDown UIInterfaceOrientationLandscapeLeft UIInterfaceOrientationLandscapeRight";
				INFOPLIST_KEY_UISupportedInterfaceOrientations_iPhone = "UIInterfaceOrientationPortrait UIInterfaceOrientationLandscapeLeft UIInterfaceOrientationLandscapeRight";
				LD_RUNPATH_SEARCH_PATHS = (
					"$(inherited)",
					"@executable_path/Frameworks",
				);
				MARKETING_VERSION = 1.0;
				PRODUCT_BUNDLE_IDENTIFIER = com.project.UserApp;
				PRODUCT_NAME = "$(TARGET_NAME)";
				SWIFT_EMIT_LOC_STRINGS = YES;
				SWIFT_VERSION = 5.0;
				TARGETED_DEVICE_FAMILY = "1,2";
			};
			name = Release;
		};
/* End XCBuildConfiguration section */

/* Begin XCConfigurationList section */
		AF5F48F62A2A0152008C6288 /* Build configuration list for PBXProject "UserApp" */ = {
			isa = XCConfigurationList;
			buildConfigurations = (
				AF5F49072A2A0153008C6288 /* Debug */,
				AF5F49082A2A0153008C6288 /* Release */,
			);
			defaultConfigurationIsVisible = 0;
			defaultConfigurationName = Release;
		};
		AF5F49092A2A0153008C6288 /* Build configuration list for PBXNativeTarget "UserApp" */ = {
			isa = XCConfigurationList;
			buildConfigurations = (
				AF5F490A2A2A0153008C6288 /* Debug */,
				AF5F490B2A2A0153008C6288 /* Release */,
			);
			defaultConfigurationIsVisible = 0;
			defaultConfigurationName = Release;
		};
/* End XCConfigurationList section */
	};
	rootObject = AF5F48F32A2A0152008C6288 /* Project object */;
}
